
Microsoft Visual Studio Solution File, Format Version 12.00
# Visual Studio Version 17
VisualStudioVersion = 17.11.35222.181
MinimumVisualStudioVersion = 10.0.40219.1
Project("{FAE04EC0-301F-11D3-BF4B-00C04F79EFBC}") = "HomeWork_21_10_2024", "HomeWork_21_10_2024.csproj", "{2D2AE09D-0DF2-48FE-BA2D-1E0C44A10A67}"
EndProject
Global
	GlobalSection(SolutionConfigurationPlatforms) = preSolution
		Debug|Any CPU = Debug|Any CPU
		Release|Any CPU = Release|Any CPU
	EndGlobalSection
	GlobalSection(ProjectConfigurationPlatforms) = postSolution
		{2D2AE09D-0DF2-48FE-BA2D-1E0C44A10A67}.Debug|Any CPU.ActiveCfg = Debug|Any CPU
		{2D2AE09D-0DF2-48FE-BA2D-1E0C44A10A67}.Debug|Any CPU.Build.0 = Debug|Any CPU
		{2D2AE09D-0DF2-48FE-BA2D-1E0C44A10A67}.Release|Any CPU.ActiveCfg = Release|Any CPU
		{2D2AE09D-0DF2-48FE-BA2D-1E0C44A10A67}.Release|Any CPU.Build.0 = Release|Any CPU
	EndGlobalSection
	GlobalSection(SolutionProperties) = preSolution
		HideSolutionNode = FALSE
	EndGlobalSection
	GlobalSection(ExtensibilityGlobals) = postSolution
		SolutionGuid = {803D20F7-74EA-4FA9-972F-987F2A048FF0}
	EndGlobalSection
EndGlobal
