
Microsoft Visual Studio Solution File, Format Version 12.00
# Visual Studio Version 17
VisualStudioVersion = 17.11.35222.181
MinimumVisualStudioVersion = 10.0.40219.1
Project("{FAE04EC0-301F-11D3-BF4B-00C04F79EFBC}") = "HomeWork_23_10_2024", "HomeWork_23_10_2024.csproj", "{C3FACC1B-2241-44C6-B6A4-0045CAC8282F}"
EndProject
Global
	GlobalSection(SolutionConfigurationPlatforms) = preSolution
		Debug|Any CPU = Debug|Any CPU
		Release|Any CPU = Release|Any CPU
	EndGlobalSection
	GlobalSection(ProjectConfigurationPlatforms) = postSolution
		{C3FACC1B-2241-44C6-B6A4-0045CAC8282F}.Debug|Any CPU.ActiveCfg = Debug|Any CPU
		{C3FACC1B-2241-44C6-B6A4-0045CAC8282F}.Debug|Any CPU.Build.0 = Debug|Any CPU
		{C3FACC1B-2241-44C6-B6A4-0045CAC8282F}.Release|Any CPU.ActiveCfg = Release|Any CPU
		{C3FACC1B-2241-44C6-B6A4-0045CAC8282F}.Release|Any CPU.Build.0 = Release|Any CPU
	EndGlobalSection
	GlobalSection(SolutionProperties) = preSolution
		HideSolutionNode = FALSE
	EndGlobalSection
	GlobalSection(ExtensibilityGlobals) = postSolution
		SolutionGuid = {EF4EBB60-A18E-4FD2-9A28-48E9E7A22C70}
	EndGlobalSection
EndGlobal
