
Microsoft Visual Studio Solution File, Format Version 12.00
# Visual Studio Version 17
VisualStudioVersion = 17.11.35327.3
MinimumVisualStudioVersion = 10.0.40219.1
Project("{FAE04EC0-301F-11D3-BF4B-00C04F79EFBC}") = "Home_Work_25.11.2024", "Home_Work_25.11.2024.csproj", "{6EC3CE73-E263-4CA6-BC96-E275448B0674}"
EndProject
Global
	GlobalSection(SolutionConfigurationPlatforms) = preSolution
		Debug|Any CPU = Debug|Any CPU
		Release|Any CPU = Release|Any CPU
	EndGlobalSection
	GlobalSection(ProjectConfigurationPlatforms) = postSolution
		{6EC3CE73-E263-4CA6-BC96-E275448B0674}.Debug|Any CPU.ActiveCfg = Debug|Any CPU
		{6EC3CE73-E263-4CA6-BC96-E275448B0674}.Debug|Any CPU.Build.0 = Debug|Any CPU
		{6EC3CE73-E263-4CA6-BC96-E275448B0674}.Release|Any CPU.ActiveCfg = Release|Any CPU
		{6EC3CE73-E263-4CA6-BC96-E275448B0674}.Release|Any CPU.Build.0 = Release|Any CPU
	EndGlobalSection
	GlobalSection(SolutionProperties) = preSolution
		HideSolutionNode = FALSE
	EndGlobalSection
	GlobalSection(ExtensibilityGlobals) = postSolution
		SolutionGuid = {687B5548-5AA6-4103-A3D8-E1993D0049E3}
	EndGlobalSection
EndGlobal
